{
  "name": "i18n-ally-vue-i18n-config-bug",
  "version": "1.0.0",
  "lockfileVersion": 2,
  "requires": true,
  "packages": {
    "": {
      "version": "1.0.0",
      "license": "BSD-3-Clause",
      "dependencies": {
        "faker": "^5.5.3",
        "vue-i18n": "^8.25.1"
      }
    },
    "node_modules/faker": {
      "version": "5.5.3",
      "resolved": "https://registry.npmjs.org/faker/-/faker-5.5.3.tgz",
      "integrity": "sha512-wLTv2a28wjUyWkbnX7u/ABZBkUkIF2fCd73V6P2oFqEGEktDfzWx4UxrSqtPRw0xPRAcjeAOIiJWqZm3pP4u3g=="
    },
    "node_modules/vue-i18n": {
      "version": "8.25.1",
      "resolved": "https://registry.npmjs.org/vue-i18n/-/vue-i18n-8.25.1.tgz",
      "integrity": "sha512-UgvN6LxcANSG2O/i8draincxY3E/2bppMNN0szVinN7tuzSJdNFQdB9VDVaQcR1i8BprK9ISUAgZVZacsl+Zbw=="
    }
  },
  "dependencies": {
    "faker": {
      "version": "5.5.3",
      "resolved": "https://registry.npmjs.org/faker/-/faker-5.5.3.tgz",
      "integrity": "sha512-wLTv2a28wjUyWkbnX7u/ABZBkUkIF2fCd73V6P2oFqEGEktDfzWx4UxrSqtPRw0xPRAcjeAOIiJWqZm3pP4u3g=="
    },
    "vue-i18n": {
      "version": "8.25.1",
      "resolved": "https://registry.npmjs.org/vue-i18n/-/vue-i18n-8.25.1.tgz",
      "integrity": "sha512-UgvN6LxcANSG2O/i8draincxY3E/2bppMNN0szVinN7tuzSJdNFQdB9VDVaQcR1i8BprK9ISUAgZVZacsl+Zbw=="
    }
  }
}
